
Microsoft Visual Studio Solution File, Format Version 12.00
# Visual Studio Version 17
VisualStudioVersion = 17.2.32526.322
MinimumVisualStudioVersion = 10.0.40219.1
Project("{FAE04EC0-301F-11D3-BF4B-00C04F79EFBC}") = "ITMO.CSCourse2022.WFApp.Lab01.Ex01", "ITMO.CSCourse2022.WFApp.Lab01.Ex01\ITMO.CSCourse2022.WFApp.Lab01.Ex01.csproj", "{65002771-82EF-4E74-B601-943EB00108CC}"
EndProject
Project("{FAE04EC0-301F-11D3-BF4B-00C04F79EFBC}") = "ITMO.CSCourse2022.WFApp.Lab01.Ex02_03", "ITMO.CSCourse2022.WFApp.Lab01.Ex02_03\ITMO.CSCourse2022.WFApp.Lab01.Ex02_03.csproj", "{500FA271-A6FA-40CE-B1C2-93B961594256}"
EndProject
Global
	GlobalSection(SolutionConfigurationPlatforms) = preSolution
		Debug|Any CPU = Debug|Any CPU
		Release|Any CPU = Release|Any CPU
	EndGlobalSection
	GlobalSection(ProjectConfigurationPlatforms) = postSolution
		{65002771-82EF-4E74-B601-943EB00108CC}.Debug|Any CPU.ActiveCfg = Debug|Any CPU
		{65002771-82EF-4E74-B601-943EB00108CC}.Debug|Any CPU.Build.0 = Debug|Any CPU
		{65002771-82EF-4E74-B601-943EB00108CC}.Release|Any CPU.ActiveCfg = Release|Any CPU
		{65002771-82EF-4E74-B601-943EB00108CC}.Release|Any CPU.Build.0 = Release|Any CPU
		{500FA271-A6FA-40CE-B1C2-93B961594256}.Debug|Any CPU.ActiveCfg = Debug|Any CPU
		{500FA271-A6FA-40CE-B1C2-93B961594256}.Debug|Any CPU.Build.0 = Debug|Any CPU
		{500FA271-A6FA-40CE-B1C2-93B961594256}.Release|Any CPU.ActiveCfg = Release|Any CPU
		{500FA271-A6FA-40CE-B1C2-93B961594256}.Release|Any CPU.Build.0 = Release|Any CPU
	EndGlobalSection
	GlobalSection(SolutionProperties) = preSolution
		HideSolutionNode = FALSE
	EndGlobalSection
	GlobalSection(ExtensibilityGlobals) = postSolution
		SolutionGuid = {156239AA-7C1D-4938-B1F2-0A8F0FA5DFEC}
	EndGlobalSection
EndGlobal
