
Microsoft Visual Studio Solution File, Format Version 12.00
# Visual Studio Version 17
VisualStudioVersion = 17.2.32526.322
MinimumVisualStudioVersion = 10.0.40219.1
Project("{FAE04EC0-301F-11D3-BF4B-00C04F79EFBC}") = "ITMO.CSCourse2022.WFApp.Lab01.Ex01", "ITMO.CSCourse2022.WFApp.Lab01.Ex01\ITMO.CSCourse2022.WFApp.Lab01.Ex01.csproj", "{65002771-82EF-4E74-B601-943EB00108CC}"
EndProject
Project("{FAE04EC0-301F-11D3-BF4B-00C04F79EFBC}") = "ITMO.CSCourse2022.WFApp.Lab01.Ex04_MdiApplication", "ITMO.CSCourse2022.WFApp.Lab01.Ex04_MdiApplication\ITMO.CSCourse2022.WFApp.Lab01.Ex04_MdiApplication.csproj", "{E2BE21C7-7E52-450A-B159-AA7EBD00E633}"
EndProject
Project("{FAE04EC0-301F-11D3-BF4B-00C04F79EFBC}") = "ITMO.CSCourse2022.WFApp.Lab02.Ex01_WinQuestion", "ITMO.CSCourse2022.WFApp.Lab02.Ex01_WinQuestion\ITMO.CSCourse2022.WFApp.Lab02.Ex01_WinQuestion.csproj", "{BB86EDE5-D57D-4389-B0F7-139FE0B74AB3}"
EndProject
Project("{FAE04EC0-301F-11D3-BF4B-00C04F79EFBC}") = "ITMO.CSCourse2022.WFApp.Lab02.Ex02_TestList", "ITMO.CSCourse2022.WFApp.Lab02.Ex02_TestList\ITMO.CSCourse2022.WFApp.Lab02.Ex02_TestList.csproj", "{B028D0A0-3764-4D7F-A3E3-DC4D086C0DC0}"
EndProject
Project("{FAE04EC0-301F-11D3-BF4B-00C04F79EFBC}") = "ITMO.CSCourse2022.WFApp.Lab01.Ex02", "ITMO.CSCourse2022.WFApp.Lab01.Ex02\ITMO.CSCourse2022.WFApp.Lab01.Ex02.csproj", "{A727D927-45EE-4BB0-BE3D-5A4E6FA2CFFF}"
EndProject
Project("{FAE04EC0-301F-11D3-BF4B-00C04F79EFBC}") = "ITMO.CSCourse2022.WFApp.Lab01.Ex03", "ITMO.CSCourse2022.WFApp.Lab01.Ex03\ITMO.CSCourse2022.WFApp.Lab01.Ex03.csproj", "{0A2EA6EB-3A42-4F7A-89CC-4E09DBAD3E01}"
EndProject
Project("{FAE04EC0-301F-11D3-BF4B-00C04F79EFBC}") = "ITMO.CSCourse2022.WFApp.Lab02.Ex03", "ITMO.CSCourse2022.WFApp.Lab02.Ex03\ITMO.CSCourse2022.WFApp.Lab02.Ex03.csproj", "{4032F6DF-57D7-427E-B4F5-BEF0DA80DD21}"
EndProject
Global
	GlobalSection(SolutionConfigurationPlatforms) = preSolution
		Debug|Any CPU = Debug|Any CPU
		Release|Any CPU = Release|Any CPU
	EndGlobalSection
	GlobalSection(ProjectConfigurationPlatforms) = postSolution
		{65002771-82EF-4E74-B601-943EB00108CC}.Debug|Any CPU.ActiveCfg = Debug|Any CPU
		{65002771-82EF-4E74-B601-943EB00108CC}.Debug|Any CPU.Build.0 = Debug|Any CPU
		{65002771-82EF-4E74-B601-943EB00108CC}.Release|Any CPU.ActiveCfg = Release|Any CPU
		{65002771-82EF-4E74-B601-943EB00108CC}.Release|Any CPU.Build.0 = Release|Any CPU
		{E2BE21C7-7E52-450A-B159-AA7EBD00E633}.Debug|Any CPU.ActiveCfg = Debug|Any CPU
		{E2BE21C7-7E52-450A-B159-AA7EBD00E633}.Debug|Any CPU.Build.0 = Debug|Any CPU
		{E2BE21C7-7E52-450A-B159-AA7EBD00E633}.Release|Any CPU.ActiveCfg = Release|Any CPU
		{E2BE21C7-7E52-450A-B159-AA7EBD00E633}.Release|Any CPU.Build.0 = Release|Any CPU
		{BB86EDE5-D57D-4389-B0F7-139FE0B74AB3}.Debug|Any CPU.ActiveCfg = Debug|Any CPU
		{BB86EDE5-D57D-4389-B0F7-139FE0B74AB3}.Debug|Any CPU.Build.0 = Debug|Any CPU
		{BB86EDE5-D57D-4389-B0F7-139FE0B74AB3}.Release|Any CPU.ActiveCfg = Release|Any CPU
		{BB86EDE5-D57D-4389-B0F7-139FE0B74AB3}.Release|Any CPU.Build.0 = Release|Any CPU
		{B028D0A0-3764-4D7F-A3E3-DC4D086C0DC0}.Debug|Any CPU.ActiveCfg = Debug|Any CPU
		{B028D0A0-3764-4D7F-A3E3-DC4D086C0DC0}.Debug|Any CPU.Build.0 = Debug|Any CPU
		{B028D0A0-3764-4D7F-A3E3-DC4D086C0DC0}.Release|Any CPU.ActiveCfg = Release|Any CPU
		{B028D0A0-3764-4D7F-A3E3-DC4D086C0DC0}.Release|Any CPU.Build.0 = Release|Any CPU
		{A727D927-45EE-4BB0-BE3D-5A4E6FA2CFFF}.Debug|Any CPU.ActiveCfg = Debug|Any CPU
		{A727D927-45EE-4BB0-BE3D-5A4E6FA2CFFF}.Debug|Any CPU.Build.0 = Debug|Any CPU
		{A727D927-45EE-4BB0-BE3D-5A4E6FA2CFFF}.Release|Any CPU.ActiveCfg = Release|Any CPU
		{A727D927-45EE-4BB0-BE3D-5A4E6FA2CFFF}.Release|Any CPU.Build.0 = Release|Any CPU
		{0A2EA6EB-3A42-4F7A-89CC-4E09DBAD3E01}.Debug|Any CPU.ActiveCfg = Debug|Any CPU
		{0A2EA6EB-3A42-4F7A-89CC-4E09DBAD3E01}.Debug|Any CPU.Build.0 = Debug|Any CPU
		{0A2EA6EB-3A42-4F7A-89CC-4E09DBAD3E01}.Release|Any CPU.ActiveCfg = Release|Any CPU
		{0A2EA6EB-3A42-4F7A-89CC-4E09DBAD3E01}.Release|Any CPU.Build.0 = Release|Any CPU
		{4032F6DF-57D7-427E-B4F5-BEF0DA80DD21}.Debug|Any CPU.ActiveCfg = Debug|Any CPU
		{4032F6DF-57D7-427E-B4F5-BEF0DA80DD21}.Debug|Any CPU.Build.0 = Debug|Any CPU
		{4032F6DF-57D7-427E-B4F5-BEF0DA80DD21}.Release|Any CPU.ActiveCfg = Release|Any CPU
		{4032F6DF-57D7-427E-B4F5-BEF0DA80DD21}.Release|Any CPU.Build.0 = Release|Any CPU
	EndGlobalSection
	GlobalSection(SolutionProperties) = preSolution
		HideSolutionNode = FALSE
	EndGlobalSection
	GlobalSection(ExtensibilityGlobals) = postSolution
		SolutionGuid = {156239AA-7C1D-4938-B1F2-0A8F0FA5DFEC}
	EndGlobalSection
EndGlobal
